// !$*UTF8*$!
{
	archiveVersion = 1;
	classes = {
	};
	objectVersion = 51;
	objects = {

/* Begin PBXBuildFile section */
		2D21690B2484292D00B09E19 /* AppDelegate.swift in Sources */ = {isa = PBXBuildFile; fileRef = 2D21690A2484292D00B09E19 /* AppDelegate.swift */; };
		2D21690F2484292D00B09E19 /* HeroListViewController.swift in Sources */ = {isa = PBXBuildFile; fileRef = 2D21690E2484292D00B09E19 /* HeroListViewController.swift */; };
		2D2169122484292D00B09E19 /* HeroesList.storyboard in Resources */ = {isa = PBXBuildFile; fileRef = 2D2169102484292D00B09E19 /* HeroesList.storyboard */; };
		2D2169142484293C00B09E19 /* Assets.xcassets in Resources */ = {isa = PBXBuildFile; fileRef = 2D2169132484293C00B09E19 /* Assets.xcassets */; };
		2D2169172484293C00B09E19 /* LaunchScreen.storyboard in Resources */ = {isa = PBXBuildFile; fileRef = 2D2169152484293C00B09E19 /* LaunchScreen.storyboard */; };
		2D2169222484293C00B09E19 /* desafio_ios_israel_juniorTests.swift in Sources */ = {isa = PBXBuildFile; fileRef = 2D2169212484293C00B09E19 /* desafio_ios_israel_juniorTests.swift */; };
		2D216930248431A100B09E19 /* Header.xib in Resources */ = {isa = PBXBuildFile; fileRef = 2D21692F248431A100B09E19 /* Header.xib */; };
		2D2169322484320700B09E19 /* Header.swift in Sources */ = {isa = PBXBuildFile; fileRef = 2D2169312484320700B09E19 /* Header.swift */; };
		2D21693624843CF900B09E19 /* HeroesTableViewCell.swift in Sources */ = {isa = PBXBuildFile; fileRef = 2D21693524843CF900B09E19 /* HeroesTableViewCell.swift */; };
		2D216939248448FD00B09E19 /* MarvelRegular-Dj83.ttf in Resources */ = {isa = PBXBuildFile; fileRef = 2D216938248448FC00B09E19 /* MarvelRegular-Dj83.ttf */; };
		2D21693B24844AA900B09E19 /* HeroListInteractor.swift in Sources */ = {isa = PBXBuildFile; fileRef = 2D21693A24844AA900B09E19 /* HeroListInteractor.swift */; };
		2D21693D24844AC600B09E19 /* HeroListPresenter.swift in Sources */ = {isa = PBXBuildFile; fileRef = 2D21693C24844AC600B09E19 /* HeroListPresenter.swift */; };
		2D21693F24844AE300B09E19 /* HeroListWorker.swift in Sources */ = {isa = PBXBuildFile; fileRef = 2D21693E24844AE300B09E19 /* HeroListWorker.swift */; };
		2D766FBB2484682A00B883B9 /* HeroesModel.swift in Sources */ = {isa = PBXBuildFile; fileRef = 2D766FBA2484682A00B883B9 /* HeroesModel.swift */; };
		2D766FBE2484C8AA00B883B9 /* String+MarvelHeroes.swift in Sources */ = {isa = PBXBuildFile; fileRef = 2D766FBD2484C8AA00B883B9 /* String+MarvelHeroes.swift */; };
		447AD508151F1290C5196513 /* Pods_desafio_ios_israel_juniorTests.framework in Frameworks */ = {isa = PBXBuildFile; fileRef = 022F846EC92C359BFAC155AE /* Pods_desafio_ios_israel_juniorTests.framework */; };
		52A72C4FA76985C77F70AE72 /* Pods_desafio_ios_israel_junior.framework in Frameworks */ = {isa = PBXBuildFile; fileRef = 28063FB112ACE0B89414CA3E /* Pods_desafio_ios_israel_junior.framework */; };
/* End PBXBuildFile section */

/* Begin PBXContainerItemProxy section */
		2D21691E2484293C00B09E19 /* PBXContainerItemProxy */ = {
			isa = PBXContainerItemProxy;
			containerPortal = 2D2168FF2484292C00B09E19 /* Project object */;
			proxyType = 1;
			remoteGlobalIDString = 2D2169062484292D00B09E19;
			remoteInfo = "desafio-ios-israel-junior";
		};
/* End PBXContainerItemProxy section */

/* Begin PBXFileReference section */
		022F846EC92C359BFAC155AE /* Pods_desafio_ios_israel_juniorTests.framework */ = {isa = PBXFileReference; explicitFileType = wrapper.framework; includeInIndex = 0; path = Pods_desafio_ios_israel_juniorTests.framework; sourceTree = BUILT_PRODUCTS_DIR; };
		28063FB112ACE0B89414CA3E /* Pods_desafio_ios_israel_junior.framework */ = {isa = PBXFileReference; explicitFileType = wrapper.framework; includeInIndex = 0; path = Pods_desafio_ios_israel_junior.framework; sourceTree = BUILT_PRODUCTS_DIR; };
		2D2169072484292D00B09E19 /* desafio-ios-israel-junior.app */ = {isa = PBXFileReference; explicitFileType = wrapper.application; includeInIndex = 0; path = "desafio-ios-israel-junior.app"; sourceTree = BUILT_PRODUCTS_DIR; };
		2D21690A2484292D00B09E19 /* AppDelegate.swift */ = {isa = PBXFileReference; lastKnownFileType = sourcecode.swift; path = AppDelegate.swift; sourceTree = "<group>"; };
		2D21690E2484292D00B09E19 /* HeroListViewController.swift */ = {isa = PBXFileReference; lastKnownFileType = sourcecode.swift; path = HeroListViewController.swift; sourceTree = "<group>"; };
		2D2169112484292D00B09E19 /* Base */ = {isa = PBXFileReference; lastKnownFileType = file.storyboard; name = Base; path = Base.lproj/HeroesList.storyboard; sourceTree = "<group>"; };
		2D2169132484293C00B09E19 /* Assets.xcassets */ = {isa = PBXFileReference; lastKnownFileType = folder.assetcatalog; path = Assets.xcassets; sourceTree = "<group>"; };
		2D2169162484293C00B09E19 /* Base */ = {isa = PBXFileReference; lastKnownFileType = file.storyboard; name = Base; path = Base.lproj/LaunchScreen.storyboard; sourceTree = "<group>"; };
		2D2169182484293C00B09E19 /* Info.plist */ = {isa = PBXFileReference; lastKnownFileType = text.plist.xml; path = Info.plist; sourceTree = "<group>"; };
		2D21691D2484293C00B09E19 /* desafio-ios-israel-juniorTests.xctest */ = {isa = PBXFileReference; explicitFileType = wrapper.cfbundle; includeInIndex = 0; path = "desafio-ios-israel-juniorTests.xctest"; sourceTree = BUILT_PRODUCTS_DIR; };
		2D2169212484293C00B09E19 /* desafio_ios_israel_juniorTests.swift */ = {isa = PBXFileReference; lastKnownFileType = sourcecode.swift; path = desafio_ios_israel_juniorTests.swift; sourceTree = "<group>"; };
		2D2169232484293C00B09E19 /* Info.plist */ = {isa = PBXFileReference; lastKnownFileType = text.plist.xml; path = Info.plist; sourceTree = "<group>"; };
		2D21692F248431A100B09E19 /* Header.xib */ = {isa = PBXFileReference; lastKnownFileType = file.xib; path = Header.xib; sourceTree = "<group>"; };
		2D2169312484320700B09E19 /* Header.swift */ = {isa = PBXFileReference; lastKnownFileType = sourcecode.swift; path = Header.swift; sourceTree = "<group>"; };
		2D21693524843CF900B09E19 /* HeroesTableViewCell.swift */ = {isa = PBXFileReference; lastKnownFileType = sourcecode.swift; path = HeroesTableViewCell.swift; sourceTree = "<group>"; };
		2D216938248448FC00B09E19 /* MarvelRegular-Dj83.ttf */ = {isa = PBXFileReference; lastKnownFileType = file; name = "MarvelRegular-Dj83.ttf"; path = "../../../../../Downloads/MarvelRegular-Dj83.ttf"; sourceTree = "<group>"; };
		2D21693A24844AA900B09E19 /* HeroListInteractor.swift */ = {isa = PBXFileReference; lastKnownFileType = sourcecode.swift; path = HeroListInteractor.swift; sourceTree = "<group>"; };
		2D21693C24844AC600B09E19 /* HeroListPresenter.swift */ = {isa = PBXFileReference; lastKnownFileType = sourcecode.swift; path = HeroListPresenter.swift; sourceTree = "<group>"; };
		2D21693E24844AE300B09E19 /* HeroListWorker.swift */ = {isa = PBXFileReference; lastKnownFileType = sourcecode.swift; path = HeroListWorker.swift; sourceTree = "<group>"; };
		2D766FBA2484682A00B883B9 /* HeroesModel.swift */ = {isa = PBXFileReference; lastKnownFileType = sourcecode.swift; path = HeroesModel.swift; sourceTree = "<group>"; };
		2D766FBD2484C8AA00B883B9 /* String+MarvelHeroes.swift */ = {isa = PBXFileReference; lastKnownFileType = sourcecode.swift; path = "String+MarvelHeroes.swift"; sourceTree = "<group>"; };
		79DA77414EA008B57BAA27BF /* Pods-desafio-ios-israel-juniorTests.release.xcconfig */ = {isa = PBXFileReference; includeInIndex = 1; lastKnownFileType = text.xcconfig; name = "Pods-desafio-ios-israel-juniorTests.release.xcconfig"; path = "Target Support Files/Pods-desafio-ios-israel-juniorTests/Pods-desafio-ios-israel-juniorTests.release.xcconfig"; sourceTree = "<group>"; };
		84FFC650A21F4E7E08FADF5E /* Pods-desafio-ios-israel-juniorTests.debug.xcconfig */ = {isa = PBXFileReference; includeInIndex = 1; lastKnownFileType = text.xcconfig; name = "Pods-desafio-ios-israel-juniorTests.debug.xcconfig"; path = "Target Support Files/Pods-desafio-ios-israel-juniorTests/Pods-desafio-ios-israel-juniorTests.debug.xcconfig"; sourceTree = "<group>"; };
		CDE1977F960F1B681BED5A14 /* Pods-desafio-ios-israel-junior.release.xcconfig */ = {isa = PBXFileReference; includeInIndex = 1; lastKnownFileType = text.xcconfig; name = "Pods-desafio-ios-israel-junior.release.xcconfig"; path = "Target Support Files/Pods-desafio-ios-israel-junior/Pods-desafio-ios-israel-junior.release.xcconfig"; sourceTree = "<group>"; };
		E007DAF186C8518B988EA914 /* Pods-desafio-ios-israel-junior.debug.xcconfig */ = {isa = PBXFileReference; includeInIndex = 1; lastKnownFileType = text.xcconfig; name = "Pods-desafio-ios-israel-junior.debug.xcconfig"; path = "Target Support Files/Pods-desafio-ios-israel-junior/Pods-desafio-ios-israel-junior.debug.xcconfig"; sourceTree = "<group>"; };
/* End PBXFileReference section */

/* Begin PBXFrameworksBuildPhase section */
		2D2169042484292D00B09E19 /* Frameworks */ = {
			isa = PBXFrameworksBuildPhase;
			buildActionMask = 2147483647;
			files = (
				52A72C4FA76985C77F70AE72 /* Pods_desafio_ios_israel_junior.framework in Frameworks */,
			);
			runOnlyForDeploymentPostprocessing = 0;
		};
		2D21691A2484293C00B09E19 /* Frameworks */ = {
			isa = PBXFrameworksBuildPhase;
			buildActionMask = 2147483647;
			files = (
				447AD508151F1290C5196513 /* Pods_desafio_ios_israel_juniorTests.framework in Frameworks */,
			);
			runOnlyForDeploymentPostprocessing = 0;
		};
/* End PBXFrameworksBuildPhase section */

/* Begin PBXGroup section */
		2D2168FE2484292C00B09E19 = {
			isa = PBXGroup;
			children = (
				2D2169092484292D00B09E19 /* desafio-ios-israel-junior */,
				2D2169202484293C00B09E19 /* desafio-ios-israel-juniorTests */,
				2D2169082484292D00B09E19 /* Products */,
				ADF3A7C04398CC9F3DDD963E /* Pods */,
				D99B32CE8ED764CAE5DC3BCD /* Frameworks */,
			);
			sourceTree = "<group>";
		};
		2D2169082484292D00B09E19 /* Products */ = {
			isa = PBXGroup;
			children = (
				2D2169072484292D00B09E19 /* desafio-ios-israel-junior.app */,
				2D21691D2484293C00B09E19 /* desafio-ios-israel-juniorTests.xctest */,
			);
			name = Products;
			sourceTree = "<group>";
		};
		2D2169092484292D00B09E19 /* desafio-ios-israel-junior */ = {
			isa = PBXGroup;
			children = (
				2D766FBC2484C85800B883B9 /* Util */,
				2D216937248448CE00B09E19 /* Fonts */,
				2D21692D2484314700B09E19 /* XIBs */,
				2D21692C248430C100B09E19 /* HeroesList */,
				2D21690A2484292D00B09E19 /* AppDelegate.swift */,
				2D2169132484293C00B09E19 /* Assets.xcassets */,
				2D2169152484293C00B09E19 /* LaunchScreen.storyboard */,
				2D2169182484293C00B09E19 /* Info.plist */,
			);
			path = "desafio-ios-israel-junior";
			sourceTree = "<group>";
		};
		2D2169202484293C00B09E19 /* desafio-ios-israel-juniorTests */ = {
			isa = PBXGroup;
			children = (
				2D2169212484293C00B09E19 /* desafio_ios_israel_juniorTests.swift */,
				2D2169232484293C00B09E19 /* Info.plist */,
			);
			path = "desafio-ios-israel-juniorTests";
			sourceTree = "<group>";
		};
		2D21692C248430C100B09E19 /* HeroesList */ = {
			isa = PBXGroup;
			children = (
				2D21690E2484292D00B09E19 /* HeroListViewController.swift */,
				2D21693A24844AA900B09E19 /* HeroListInteractor.swift */,
				2D21693C24844AC600B09E19 /* HeroListPresenter.swift */,
				2D21693E24844AE300B09E19 /* HeroListWorker.swift */,
				2D21693524843CF900B09E19 /* HeroesTableViewCell.swift */,
				2D766FBA2484682A00B883B9 /* HeroesModel.swift */,
				2D2169102484292D00B09E19 /* HeroesList.storyboard */,
			);
			path = HeroesList;
			sourceTree = "<group>";
		};
		2D21692D2484314700B09E19 /* XIBs */ = {
			isa = PBXGroup;
			children = (
				2D21692E2484316100B09E19 /* Header */,
			);
			path = XIBs;
			sourceTree = "<group>";
		};
		2D21692E2484316100B09E19 /* Header */ = {
			isa = PBXGroup;
			children = (
				2D21692F248431A100B09E19 /* Header.xib */,
				2D2169312484320700B09E19 /* Header.swift */,
			);
			path = Header;
			sourceTree = "<group>";
		};
		2D216937248448CE00B09E19 /* Fonts */ = {
			isa = PBXGroup;
			children = (
				2D216938248448FC00B09E19 /* MarvelRegular-Dj83.ttf */,
			);
			path = Fonts;
			sourceTree = "<group>";
		};
		2D766FBC2484C85800B883B9 /* Util */ = {
			isa = PBXGroup;
			children = (
				2D766FBD2484C8AA00B883B9 /* String+MarvelHeroes.swift */,
			);
			path = Util;
			sourceTree = "<group>";
		};
		ADF3A7C04398CC9F3DDD963E /* Pods */ = {
			isa = PBXGroup;
			children = (
				E007DAF186C8518B988EA914 /* Pods-desafio-ios-israel-junior.debug.xcconfig */,
				CDE1977F960F1B681BED5A14 /* Pods-desafio-ios-israel-junior.release.xcconfig */,
				84FFC650A21F4E7E08FADF5E /* Pods-desafio-ios-israel-juniorTests.debug.xcconfig */,
				79DA77414EA008B57BAA27BF /* Pods-desafio-ios-israel-juniorTests.release.xcconfig */,
			);
			path = Pods;
			sourceTree = "<group>";
		};
		D99B32CE8ED764CAE5DC3BCD /* Frameworks */ = {
			isa = PBXGroup;
			children = (
				28063FB112ACE0B89414CA3E /* Pods_desafio_ios_israel_junior.framework */,
				022F846EC92C359BFAC155AE /* Pods_desafio_ios_israel_juniorTests.framework */,
			);
			name = Frameworks;
			sourceTree = "<group>";
		};
/* End PBXGroup section */

/* Begin PBXNativeTarget section */
		2D2169062484292D00B09E19 /* desafio-ios-israel-junior */ = {
			isa = PBXNativeTarget;
			buildConfigurationList = 2D2169262484293C00B09E19 /* Build configuration list for PBXNativeTarget "desafio-ios-israel-junior" */;
			buildPhases = (
				332BB06A9FB1D5172973570A /* [CP] Check Pods Manifest.lock */,
				2D2169032484292D00B09E19 /* Sources */,
				2D2169042484292D00B09E19 /* Frameworks */,
				2D2169052484292D00B09E19 /* Resources */,
				127DB83DB76519F97C4465B1 /* [CP] Embed Pods Frameworks */,
			);
			buildRules = (
			);
			dependencies = (
			);
			name = "desafio-ios-israel-junior";
			productName = "desafio-ios-israel-junior";
			productReference = 2D2169072484292D00B09E19 /* desafio-ios-israel-junior.app */;
			productType = "com.apple.product-type.application";
		};
		2D21691C2484293C00B09E19 /* desafio-ios-israel-juniorTests */ = {
			isa = PBXNativeTarget;
			buildConfigurationList = 2D2169292484293C00B09E19 /* Build configuration list for PBXNativeTarget "desafio-ios-israel-juniorTests" */;
			buildPhases = (
				1471D46C9177B4D8881A1117 /* [CP] Check Pods Manifest.lock */,
				2D2169192484293C00B09E19 /* Sources */,
				2D21691A2484293C00B09E19 /* Frameworks */,
				2D21691B2484293C00B09E19 /* Resources */,
			);
			buildRules = (
			);
			dependencies = (
				2D21691F2484293C00B09E19 /* PBXTargetDependency */,
			);
			name = "desafio-ios-israel-juniorTests";
			productName = "desafio-ios-israel-juniorTests";
			productReference = 2D21691D2484293C00B09E19 /* desafio-ios-israel-juniorTests.xctest */;
			productType = "com.apple.product-type.bundle.unit-test";
		};
/* End PBXNativeTarget section */

/* Begin PBXProject section */
		2D2168FF2484292C00B09E19 /* Project object */ = {
			isa = PBXProject;
			attributes = {
				LastSwiftUpdateCheck = 1140;
				LastUpgradeCheck = 1140;
				ORGANIZATIONNAME = "Israel Santos Junior";
				TargetAttributes = {
					2D2169062484292D00B09E19 = {
						CreatedOnToolsVersion = 11.4.1;
					};
					2D21691C2484293C00B09E19 = {
						CreatedOnToolsVersion = 11.4.1;
						TestTargetID = 2D2169062484292D00B09E19;
					};
				};
			};
			buildConfigurationList = 2D2169022484292C00B09E19 /* Build configuration list for PBXProject "desafio-ios-israel-junior" */;
			compatibilityVersion = "Xcode 9.3";
			developmentRegion = en;
			hasScannedForEncodings = 0;
			knownRegions = (
				en,
				Base,
			);
			mainGroup = 2D2168FE2484292C00B09E19;
			productRefGroup = 2D2169082484292D00B09E19 /* Products */;
			projectDirPath = "";
			projectRoot = "";
			targets = (
				2D2169062484292D00B09E19 /* desafio-ios-israel-junior */,
				2D21691C2484293C00B09E19 /* desafio-ios-israel-juniorTests */,
			);
		};
/* End PBXProject section */

/* Begin PBXResourcesBuildPhase section */
		2D2169052484292D00B09E19 /* Resources */ = {
			isa = PBXResourcesBuildPhase;
			buildActionMask = 2147483647;
			files = (
				2D216930248431A100B09E19 /* Header.xib in Resources */,
				2D2169172484293C00B09E19 /* LaunchScreen.storyboard in Resources */,
				2D216939248448FD00B09E19 /* MarvelRegular-Dj83.ttf in Resources */,
				2D2169142484293C00B09E19 /* Assets.xcassets in Resources */,
				2D2169122484292D00B09E19 /* HeroesList.storyboard in Resources */,
			);
			runOnlyForDeploymentPostprocessing = 0;
		};
		2D21691B2484293C00B09E19 /* Resources */ = {
			isa = PBXResourcesBuildPhase;
			buildActionMask = 2147483647;
			files = (
			);
			runOnlyForDeploymentPostprocessing = 0;
		};
/* End PBXResourcesBuildPhase section */

/* Begin PBXShellScriptBuildPhase section */
		127DB83DB76519F97C4465B1 /* [CP] Embed Pods Frameworks */ = {
			isa = PBXShellScriptBuildPhase;
			buildActionMask = 2147483647;
			files = (
			);
			inputFileListPaths = (
				"${PODS_ROOT}/Target Support Files/Pods-desafio-ios-israel-junior/Pods-desafio-ios-israel-junior-frameworks-${CONFIGURATION}-input-files.xcfilelist",
			);
			name = "[CP] Embed Pods Frameworks";
			outputFileListPaths = (
				"${PODS_ROOT}/Target Support Files/Pods-desafio-ios-israel-junior/Pods-desafio-ios-israel-junior-frameworks-${CONFIGURATION}-output-files.xcfilelist",
			);
			runOnlyForDeploymentPostprocessing = 0;
			shellPath = /bin/sh;
			shellScript = "\"${PODS_ROOT}/Target Support Files/Pods-desafio-ios-israel-junior/Pods-desafio-ios-israel-junior-frameworks.sh\"\n";
			showEnvVarsInLog = 0;
		};
		1471D46C9177B4D8881A1117 /* [CP] Check Pods Manifest.lock */ = {
			isa = PBXShellScriptBuildPhase;
			buildActionMask = 2147483647;
			files = (
			);
			inputFileListPaths = (
			);
			inputPaths = (
				"${PODS_PODFILE_DIR_PATH}/Podfile.lock",
				"${PODS_ROOT}/Manifest.lock",
			);
			name = "[CP] Check Pods Manifest.lock";
			outputFileListPaths = (
			);
			outputPaths = (
				"$(DERIVED_FILE_DIR)/Pods-desafio-ios-israel-juniorTests-checkManifestLockResult.txt",
			);
			runOnlyForDeploymentPostprocessing = 0;
			shellPath = /bin/sh;
			shellScript = "diff \"${PODS_PODFILE_DIR_PATH}/Podfile.lock\" \"${PODS_ROOT}/Manifest.lock\" > /dev/null\nif [ $? != 0 ] ; then\n    # print error to STDERR\n    echo \"error: The sandbox is not in sync with the Podfile.lock. Run 'pod install' or update your CocoaPods installation.\" >&2\n    exit 1\nfi\n# This output is used by Xcode 'outputs' to avoid re-running this script phase.\necho \"SUCCESS\" > \"${SCRIPT_OUTPUT_FILE_0}\"\n";
			showEnvVarsInLog = 0;
		};
		332BB06A9FB1D5172973570A /* [CP] Check Pods Manifest.lock */ = {
			isa = PBXShellScriptBuildPhase;
			buildActionMask = 2147483647;
			files = (
			);
			inputFileListPaths = (
			);
			inputPaths = (
				"${PODS_PODFILE_DIR_PATH}/Podfile.lock",
				"${PODS_ROOT}/Manifest.lock",
			);
			name = "[CP] Check Pods Manifest.lock";
			outputFileListPaths = (
			);
			outputPaths = (
				"$(DERIVED_FILE_DIR)/Pods-desafio-ios-israel-junior-checkManifestLockResult.txt",
			);
			runOnlyForDeploymentPostprocessing = 0;
			shellPath = /bin/sh;
			shellScript = "diff \"${PODS_PODFILE_DIR_PATH}/Podfile.lock\" \"${PODS_ROOT}/Manifest.lock\" > /dev/null\nif [ $? != 0 ] ; then\n    # print error to STDERR\n    echo \"error: The sandbox is not in sync with the Podfile.lock. Run 'pod install' or update your CocoaPods installation.\" >&2\n    exit 1\nfi\n# This output is used by Xcode 'outputs' to avoid re-running this script phase.\necho \"SUCCESS\" > \"${SCRIPT_OUTPUT_FILE_0}\"\n";
			showEnvVarsInLog = 0;
		};
/* End PBXShellScriptBuildPhase section */

/* Begin PBXSourcesBuildPhase section */
		2D2169032484292D00B09E19 /* Sources */ = {
			isa = PBXSourcesBuildPhase;
			buildActionMask = 2147483647;
			files = (
				2D21690F2484292D00B09E19 /* HeroListViewController.swift in Sources */,
				2D21693624843CF900B09E19 /* HeroesTableViewCell.swift in Sources */,
				2D21693B24844AA900B09E19 /* HeroListInteractor.swift in Sources */,
				2D766FBB2484682A00B883B9 /* HeroesModel.swift in Sources */,
				2D2169322484320700B09E19 /* Header.swift in Sources */,
				2D21693F24844AE300B09E19 /* HeroListWorker.swift in Sources */,
				2D766FBE2484C8AA00B883B9 /* String+MarvelHeroes.swift in Sources */,
				2D21693D24844AC600B09E19 /* HeroListPresenter.swift in Sources */,
				2D21690B2484292D00B09E19 /* AppDelegate.swift in Sources */,
			);
			runOnlyForDeploymentPostprocessing = 0;
		};
		2D2169192484293C00B09E19 /* Sources */ = {
			isa = PBXSourcesBuildPhase;
			buildActionMask = 2147483647;
			files = (
				2D2169222484293C00B09E19 /* desafio_ios_israel_juniorTests.swift in Sources */,
			);
			runOnlyForDeploymentPostprocessing = 0;
		};
/* End PBXSourcesBuildPhase section */

/* Begin PBXTargetDependency section */
		2D21691F2484293C00B09E19 /* PBXTargetDependency */ = {
			isa = PBXTargetDependency;
			target = 2D2169062484292D00B09E19 /* desafio-ios-israel-junior */;
			targetProxy = 2D21691E2484293C00B09E19 /* PBXContainerItemProxy */;
		};
/* End PBXTargetDependency section */

/* Begin PBXVariantGroup section */
		2D2169102484292D00B09E19 /* HeroesList.storyboard */ = {
			isa = PBXVariantGroup;
			children = (
				2D2169112484292D00B09E19 /* Base */,
			);
			name = HeroesList.storyboard;
			sourceTree = "<group>";
		};
		2D2169152484293C00B09E19 /* LaunchScreen.storyboard */ = {
			isa = PBXVariantGroup;
			children = (
				2D2169162484293C00B09E19 /* Base */,
			);
			name = LaunchScreen.storyboard;
			sourceTree = "<group>";
		};
/* End PBXVariantGroup section */

/* Begin XCBuildConfiguration section */
		2D2169242484293C00B09E19 /* Debug */ = {
			isa = XCBuildConfiguration;
			buildSettings = {
				ALWAYS_SEARCH_USER_PATHS = NO;
				CLANG_ANALYZER_NONNULL = YES;
				CLANG_ANALYZER_NUMBER_OBJECT_CONVERSION = YES_AGGRESSIVE;
				CLANG_CXX_LANGUAGE_STANDARD = "gnu++14";
				CLANG_CXX_LIBRARY = "libc++";
				CLANG_ENABLE_MODULES = YES;
				CLANG_ENABLE_OBJC_ARC = YES;
				CLANG_ENABLE_OBJC_WEAK = YES;
				CLANG_WARN_BLOCK_CAPTURE_AUTORELEASING = YES;
				CLANG_WARN_BOOL_CONVERSION = YES;
				CLANG_WARN_COMMA = YES;
				CLANG_WARN_CONSTANT_CONVERSION = YES;
				CLANG_WARN_DEPRECATED_OBJC_IMPLEMENTATIONS = YES;
				CLANG_WARN_DIRECT_OBJC_ISA_USAGE = YES_ERROR;
				CLANG_WARN_DOCUMENTATION_COMMENTS = YES;
				CLANG_WARN_EMPTY_BODY = YES;
				CLANG_WARN_ENUM_CONVERSION = YES;
				CLANG_WARN_INFINITE_RECURSION = YES;
				CLANG_WARN_INT_CONVERSION = YES;
				CLANG_WARN_NON_LITERAL_NULL_CONVERSION = YES;
				CLANG_WARN_OBJC_IMPLICIT_RETAIN_SELF = YES;
				CLANG_WARN_OBJC_LITERAL_CONVERSION = YES;
				CLANG_WARN_OBJC_ROOT_CLASS = YES_ERROR;
				CLANG_WARN_RANGE_LOOP_ANALYSIS = YES;
				CLANG_WARN_STRICT_PROTOTYPES = YES;
				CLANG_WARN_SUSPICIOUS_MOVE = YES;
				CLANG_WARN_UNGUARDED_AVAILABILITY = YES_AGGRESSIVE;
				CLANG_WARN_UNREACHABLE_CODE = YES;
				CLANG_WARN__DUPLICATE_METHOD_MATCH = YES;
				COPY_PHASE_STRIP = NO;
				DEBUG_INFORMATION_FORMAT = dwarf;
				ENABLE_STRICT_OBJC_MSGSEND = YES;
				ENABLE_TESTABILITY = YES;
				GCC_C_LANGUAGE_STANDARD = gnu11;
				GCC_DYNAMIC_NO_PIC = NO;
				GCC_NO_COMMON_BLOCKS = YES;
				GCC_OPTIMIZATION_LEVEL = 0;
				GCC_PREPROCESSOR_DEFINITIONS = (
					"DEBUG=1",
					"$(inherited)",
				);
				GCC_WARN_64_TO_32_BIT_CONVERSION = YES;
				GCC_WARN_ABOUT_RETURN_TYPE = YES_ERROR;
				GCC_WARN_UNDECLARED_SELECTOR = YES;
				GCC_WARN_UNINITIALIZED_AUTOS = YES_AGGRESSIVE;
				GCC_WARN_UNUSED_FUNCTION = YES;
				GCC_WARN_UNUSED_VARIABLE = YES;
				IPHONEOS_DEPLOYMENT_TARGET = 13.4;
				MTL_ENABLE_DEBUG_INFO = INCLUDE_SOURCE;
				MTL_FAST_MATH = YES;
				ONLY_ACTIVE_ARCH = YES;
				SDKROOT = iphoneos;
				SWIFT_ACTIVE_COMPILATION_CONDITIONS = DEBUG;
				SWIFT_OPTIMIZATION_LEVEL = "-Onone";
			};
			name = Debug;
		};
		2D2169252484293C00B09E19 /* Release */ = {
			isa = XCBuildConfiguration;
			buildSettings = {
				ALWAYS_SEARCH_USER_PATHS = NO;
				CLANG_ANALYZER_NONNULL = YES;
				CLANG_ANALYZER_NUMBER_OBJECT_CONVERSION = YES_AGGRESSIVE;
				CLANG_CXX_LANGUAGE_STANDARD = "gnu++14";
				CLANG_CXX_LIBRARY = "libc++";
				CLANG_ENABLE_MODULES = YES;
				CLANG_ENABLE_OBJC_ARC = YES;
				CLANG_ENABLE_OBJC_WEAK = YES;
				CLANG_WARN_BLOCK_CAPTURE_AUTORELEASING = YES;
				CLANG_WARN_BOOL_CONVERSION = YES;
				CLANG_WARN_COMMA = YES;
				CLANG_WARN_CONSTANT_CONVERSION = YES;
				CLANG_WARN_DEPRECATED_OBJC_IMPLEMENTATIONS = YES;
				CLANG_WARN_DIRECT_OBJC_ISA_USAGE = YES_ERROR;
				CLANG_WARN_DOCUMENTATION_COMMENTS = YES;
				CLANG_WARN_EMPTY_BODY = YES;
				CLANG_WARN_ENUM_CONVERSION = YES;
				CLANG_WARN_INFINITE_RECURSION = YES;
				CLANG_WARN_INT_CONVERSION = YES;
				CLANG_WARN_NON_LITERAL_NULL_CONVERSION = YES;
				CLANG_WARN_OBJC_IMPLICIT_RETAIN_SELF = YES;
				CLANG_WARN_OBJC_LITERAL_CONVERSION = YES;
				CLANG_WARN_OBJC_ROOT_CLASS = YES_ERROR;
				CLANG_WARN_RANGE_LOOP_ANALYSIS = YES;
				CLANG_WARN_STRICT_PROTOTYPES = YES;
				CLANG_WARN_SUSPICIOUS_MOVE = YES;
				CLANG_WARN_UNGUARDED_AVAILABILITY = YES_AGGRESSIVE;
				CLANG_WARN_UNREACHABLE_CODE = YES;
				CLANG_WARN__DUPLICATE_METHOD_MATCH = YES;
				COPY_PHASE_STRIP = NO;
				DEBUG_INFORMATION_FORMAT = "dwarf-with-dsym";
				ENABLE_NS_ASSERTIONS = NO;
				ENABLE_STRICT_OBJC_MSGSEND = YES;
				GCC_C_LANGUAGE_STANDARD = gnu11;
				GCC_NO_COMMON_BLOCKS = YES;
				GCC_WARN_64_TO_32_BIT_CONVERSION = YES;
				GCC_WARN_ABOUT_RETURN_TYPE = YES_ERROR;
				GCC_WARN_UNDECLARED_SELECTOR = YES;
				GCC_WARN_UNINITIALIZED_AUTOS = YES_AGGRESSIVE;
				GCC_WARN_UNUSED_FUNCTION = YES;
				GCC_WARN_UNUSED_VARIABLE = YES;
				IPHONEOS_DEPLOYMENT_TARGET = 13.4;
				MTL_ENABLE_DEBUG_INFO = NO;
				MTL_FAST_MATH = YES;
				SDKROOT = iphoneos;
				SWIFT_COMPILATION_MODE = wholemodule;
				SWIFT_OPTIMIZATION_LEVEL = "-O";
				VALIDATE_PRODUCT = YES;
			};
			name = Release;
		};
		2D2169272484293C00B09E19 /* Debug */ = {
			isa = XCBuildConfiguration;
			baseConfigurationReference = E007DAF186C8518B988EA914 /* Pods-desafio-ios-israel-junior.debug.xcconfig */;
			buildSettings = {
				ASSETCATALOG_COMPILER_APPICON_NAME = AppIcon;
				CODE_SIGN_STYLE = Automatic;
				DEVELOPMENT_TEAM = 6QD6RQF9NF;
				INFOPLIST_FILE = "desafio-ios-israel-junior/Info.plist";
				IPHONEOS_DEPLOYMENT_TARGET = 10.0;
				LD_RUNPATH_SEARCH_PATHS = (
					"$(inherited)",
					"@executable_path/Frameworks",
				);
				PRODUCT_BUNDLE_IDENTIFIER = "com.israeljr.desafio-ios-israel-junior";
				PRODUCT_NAME = "$(TARGET_NAME)";
				SWIFT_VERSION = 5.0;
				TARGETED_DEVICE_FAMILY = 1;
			};
			name = Debug;
		};
		2D2169282484293C00B09E19 /* Release */ = {
			isa = XCBuildConfiguration;
			baseConfigurationReference = CDE1977F960F1B681BED5A14 /* Pods-desafio-ios-israel-junior.release.xcconfig */;
			buildSettings = {
				ASSETCATALOG_COMPILER_APPICON_NAME = AppIcon;
				CODE_SIGN_STYLE = Automatic;
				DEVELOPMENT_TEAM = 6QD6RQF9NF;
				INFOPLIST_FILE = "desafio-ios-israel-junior/Info.plist";
				IPHONEOS_DEPLOYMENT_TARGET = 10.0;
				LD_RUNPATH_SEARCH_PATHS = (
					"$(inherited)",
					"@executable_path/Frameworks",
				);
				PRODUCT_BUNDLE_IDENTIFIER = "com.israeljr.desafio-ios-israel-junior";
				PRODUCT_NAME = "$(TARGET_NAME)";
				SWIFT_VERSION = 5.0;
				TARGETED_DEVICE_FAMILY = 1;
			};
			name = Release;
		};
		2D21692A2484293C00B09E19 /* Debug */ = {
			isa = XCBuildConfiguration;
			baseConfigurationReference = 84FFC650A21F4E7E08FADF5E /* Pods-desafio-ios-israel-juniorTests.debug.xcconfig */;
			buildSettings = {
				ALWAYS_EMBED_SWIFT_STANDARD_LIBRARIES = YES;
				BUNDLE_LOADER = "$(TEST_HOST)";
				CODE_SIGN_STYLE = Automatic;
				DEVELOPMENT_TEAM = 6QD6RQF9NF;
				INFOPLIST_FILE = "desafio-ios-israel-juniorTests/Info.plist";
				IPHONEOS_DEPLOYMENT_TARGET = 13.4;
				LD_RUNPATH_SEARCH_PATHS = (
					"$(inherited)",
					"@executable_path/Frameworks",
					"@loader_path/Frameworks",
				);
				PRODUCT_BUNDLE_IDENTIFIER = "com.israeljr.desafio-ios-israel-juniorTests";
				PRODUCT_NAME = "$(TARGET_NAME)";
				SWIFT_VERSION = 5.0;
				TARGETED_DEVICE_FAMILY = "1,2";
				TEST_HOST = "$(BUILT_PRODUCTS_DIR)/desafio-ios-israel-junior.app/desafio-ios-israel-junior";
			};
			name = Debug;
		};
		2D21692B2484293C00B09E19 /* Release */ = {
			isa = XCBuildConfiguration;
			baseConfigurationReference = 79DA77414EA008B57BAA27BF /* Pods-desafio-ios-israel-juniorTests.release.xcconfig */;
			buildSettings = {
				ALWAYS_EMBED_SWIFT_STANDARD_LIBRARIES = YES;
				BUNDLE_LOADER = "$(TEST_HOST)";
				CODE_SIGN_STYLE = Automatic;
				DEVELOPMENT_TEAM = 6QD6RQF9NF;
				INFOPLIST_FILE = "desafio-ios-israel-juniorTests/Info.plist";
				IPHONEOS_DEPLOYMENT_TARGET = 13.4;
				LD_RUNPATH_SEARCH_PATHS = (
					"$(inherited)",
					"@executable_path/Frameworks",
					"@loader_path/Frameworks",
				);
				PRODUCT_BUNDLE_IDENTIFIER = "com.israeljr.desafio-ios-israel-juniorTests";
				PRODUCT_NAME = "$(TARGET_NAME)";
				SWIFT_VERSION = 5.0;
				TARGETED_DEVICE_FAMILY = "1,2";
				TEST_HOST = "$(BUILT_PRODUCTS_DIR)/desafio-ios-israel-junior.app/desafio-ios-israel-junior";
			};
			name = Release;
		};
/* End XCBuildConfiguration section */

/* Begin XCConfigurationList section */
		2D2169022484292C00B09E19 /* Build configuration list for PBXProject "desafio-ios-israel-junior" */ = {
			isa = XCConfigurationList;
			buildConfigurations = (
				2D2169242484293C00B09E19 /* Debug */,
				2D2169252484293C00B09E19 /* Release */,
			);
			defaultConfigurationIsVisible = 0;
			defaultConfigurationName = Release;
		};
		2D2169262484293C00B09E19 /* Build configuration list for PBXNativeTarget "desafio-ios-israel-junior" */ = {
			isa = XCConfigurationList;
			buildConfigurations = (
				2D2169272484293C00B09E19 /* Debug */,
				2D2169282484293C00B09E19 /* Release */,
			);
			defaultConfigurationIsVisible = 0;
			defaultConfigurationName = Release;
		};
		2D2169292484293C00B09E19 /* Build configuration list for PBXNativeTarget "desafio-ios-israel-juniorTests" */ = {
			isa = XCConfigurationList;
			buildConfigurations = (
				2D21692A2484293C00B09E19 /* Debug */,
				2D21692B2484293C00B09E19 /* Release */,
			);
			defaultConfigurationIsVisible = 0;
			defaultConfigurationName = Release;
		};
/* End XCConfigurationList section */
	};
	rootObject = 2D2168FF2484292C00B09E19 /* Project object */;
}
